// !$*UTF8*$!
{
	archiveVersion = 1;
	classes = {
	};
	objectVersion = 48;
	objects = {

/* Begin PBXBuildFile section */
		5C1C06101F7E79A500645D82 /* AppDelegate.m in Sources */ = {isa = PBXBuildFile; fileRef = 5C1C060F1F7E79A500645D82 /* AppDelegate.m */; };
		5C1C06131F7E79A500645D82 /* ViewController.m in Sources */ = {isa = PBXBuildFile; fileRef = 5C1C06121F7E79A500645D82 /* ViewController.m */; };
		5C1C06161F7E79A500645D82 /* Main.storyboard in Resources */ = {isa = PBXBuildFile; fileRef = 5C1C06141F7E79A500645D82 /* Main.storyboard */; };
		5C1C06181F7E79A500645D82 /* Assets.xcassets in Resources */ = {isa = PBXBuildFile; fileRef = 5C1C06171F7E79A500645D82 /* Assets.xcassets */; };
		5C1C061B1F7E79A500645D82 /* LaunchScreen.storyboard in Resources */ = {isa = PBXBuildFile; fileRef = 5C1C06191F7E79A500645D82 /* LaunchScreen.storyboard */; };
		5C1C061E1F7E79A500645D82 /* main.m in Sources */ = {isa = PBXBuildFile; fileRef = 5C1C061D1F7E79A500645D82 /* main.m */; };
		5C1C062C1F7E871500645D82 /* somePic@2x.jpg in Resources */ = {isa = PBXBuildFile; fileRef = 5C1C062B1F7E871500645D82 /* somePic@2x.jpg */; };
		5C1C06331F7EA42600645D82 /* somePic.jpg in Resources */ = {isa = PBXBuildFile; fileRef = 5C1C06311F7EA42600645D82 /* somePic.jpg */; };
		5C1C06341F7EA42600645D82 /* somePic@3x.jpg in Resources */ = {isa = PBXBuildFile; fileRef = 5C1C06321F7EA42600645D82 /* somePic@3x.jpg */; };
/* End PBXBuildFile section */

/* Begin PBXFileReference section */
		5C1C060B1F7E79A400645D82 /* RoundAvatarDemo.app */ = {isa = PBXFileReference; explicitFileType = wrapper.application; includeInIndex = 0; path = RoundAvatarDemo.app; sourceTree = BUILT_PRODUCTS_DIR; };
		5C1C060E1F7E79A500645D82 /* AppDelegate.h */ = {isa = PBXFileReference; lastKnownFileType = sourcecode.c.h; path = AppDelegate.h; sourceTree = "<group>"; };
		5C1C060F1F7E79A500645D82 /* AppDelegate.m */ = {isa = PBXFileReference; lastKnownFileType = sourcecode.c.objc; path = AppDelegate.m; sourceTree = "<group>"; };
		5C1C06111F7E79A500645D82 /* ViewController.h */ = {isa = PBXFileReference; lastKnownFileType = sourcecode.c.h; path = ViewController.h; sourceTree = "<group>"; };
		5C1C06121F7E79A500645D82 /* ViewController.m */ = {isa = PBXFileReference; lastKnownFileType = sourcecode.c.objc; path = ViewController.m; sourceTree = "<group>"; };
		5C1C06151F7E79A500645D82 /* Base */ = {isa = PBXFileReference; lastKnownFileType = file.storyboard; name = Base; path = Base.lproj/Main.storyboard; sourceTree = "<group>"; };
		5C1C06171F7E79A500645D82 /* Assets.xcassets */ = {isa = PBXFileReference; lastKnownFileType = folder.assetcatalog; path = Assets.xcassets; sourceTree = "<group>"; };
		5C1C061A1F7E79A500645D82 /* Base */ = {isa = PBXFileReference; lastKnownFileType = file.storyboard; name = Base; path = Base.lproj/LaunchScreen.storyboard; sourceTree = "<group>"; };
		5C1C061C1F7E79A500645D82 /* Info.plist */ = {isa = PBXFileReference; lastKnownFileType = text.plist.xml; path = Info.plist; sourceTree = "<group>"; };
		5C1C061D1F7E79A500645D82 /* main.m */ = {isa = PBXFileReference; lastKnownFileType = sourcecode.c.objc; path = main.m; sourceTree = "<group>"; };
		5C1C062B1F7E871500645D82 /* somePic@2x.jpg */ = {isa = PBXFileReference; lastKnownFileType = image.jpeg; path = "somePic@2x.jpg"; sourceTree = "<group>"; };
		5C1C06311F7EA42600645D82 /* somePic.jpg */ = {isa = PBXFileReference; lastKnownFileType = image.jpeg; path = somePic.jpg; sourceTree = "<group>"; };
		5C1C06321F7EA42600645D82 /* somePic@3x.jpg */ = {isa = PBXFileReference; lastKnownFileType = image.jpeg; path = "somePic@3x.jpg"; sourceTree = "<group>"; };
/* End PBXFileReference section */

/* Begin PBXFrameworksBuildPhase section */
		5C1C06081F7E79A400645D82 /* Frameworks */ = {
			isa = PBXFrameworksBuildPhase;
			buildActionMask = 2147483647;
			files = (
			);
			runOnlyForDeploymentPostprocessing = 0;
		};
/* End PBXFrameworksBuildPhase section */

/* Begin PBXGroup section */
		5C1C06021F7E79A400645D82 = {
			isa = PBXGroup;
			children = (
				5C1C060D1F7E79A400645D82 /* RoundAvatarDemo */,
				5C1C060C1F7E79A400645D82 /* Products */,
			);
			sourceTree = "<group>";
		};
		5C1C060C1F7E79A400645D82 /* Products */ = {
			isa = PBXGroup;
			children = (
				5C1C060B1F7E79A400645D82 /* RoundAvatarDemo.app */,
			);
			name = Products;
			sourceTree = "<group>";
		};
		5C1C060D1F7E79A400645D82 /* RoundAvatarDemo */ = {
			isa = PBXGroup;
			children = (
				5C1C06311F7EA42600645D82 /* somePic.jpg */,
				5C1C06321F7EA42600645D82 /* somePic@3x.jpg */,
				5C1C062B1F7E871500645D82 /* somePic@2x.jpg */,
				5C1C060E1F7E79A500645D82 /* AppDelegate.h */,
				5C1C060F1F7E79A500645D82 /* AppDelegate.m */,
				5C1C06111F7E79A500645D82 /* ViewController.h */,
				5C1C06121F7E79A500645D82 /* ViewController.m */,
				5C1C06141F7E79A500645D82 /* Main.storyboard */,
				5C1C06171F7E79A500645D82 /* Assets.xcassets */,
				5C1C06191F7E79A500645D82 /* LaunchScreen.storyboard */,
				5C1C061C1F7E79A500645D82 /* Info.plist */,
				5C1C061D1F7E79A500645D82 /* main.m */,
			);
			path = RoundAvatarDemo;
			sourceTree = "<group>";
		};
/* End PBXGroup section */

/* Begin PBXNativeTarget section */
		5C1C060A1F7E79A400645D82 /* RoundAvatarDemo */ = {
			isa = PBXNativeTarget;
			buildConfigurationList = 5C1C06211F7E79A500645D82 /* Build configuration list for PBXNativeTarget "RoundAvatarDemo" */;
			buildPhases = (
				5C1C06071F7E79A400645D82 /* Sources */,
				5C1C06081F7E79A400645D82 /* Frameworks */,
				5C1C06091F7E79A400645D82 /* Resources */,
			);
			buildRules = (
			);
			dependencies = (
			);
			name = RoundAvatarDemo;
			productName = RoundAvatarDemo;
			productReference = 5C1C060B1F7E79A400645D82 /* RoundAvatarDemo.app */;
			productType = "com.apple.product-type.application";
		};
/* End PBXNativeTarget section */

/* Begin PBXProject section */
		5C1C06031F7E79A400645D82 /* Project object */ = {
			isa = PBXProject;
			attributes = {
				LastUpgradeCheck = 0900;
				ORGANIZATIONNAME = "Chang Li";
				TargetAttributes = {
					5C1C060A1F7E79A400645D82 = {
						CreatedOnToolsVersion = 9.0;
						ProvisioningStyle = Automatic;
					};
				};
			};
			buildConfigurationList = 5C1C06061F7E79A400645D82 /* Build configuration list for PBXProject "RoundAvatarDemo" */;
			compatibilityVersion = "Xcode 8.0";
			developmentRegion = en;
			hasScannedForEncodings = 0;
			knownRegions = (
				en,
				Base,
			);
			mainGroup = 5C1C06021F7E79A400645D82;
			productRefGroup = 5C1C060C1F7E79A400645D82 /* Products */;
			projectDirPath = "";
			projectRoot = "";
			targets = (
				5C1C060A1F7E79A400645D82 /* RoundAvatarDemo */,
			);
		};
/* End PBXProject section */

/* Begin PBXResourcesBuildPhase section */
		5C1C06091F7E79A400645D82 /* Resources */ = {
			isa = PBXResourcesBuildPhase;
			buildActionMask = 2147483647;
			files = (
				5C1C061B1F7E79A500645D82 /* LaunchScreen.storyboard in Resources */,
				5C1C06181F7E79A500645D82 /* Assets.xcassets in Resources */,
				5C1C06341F7EA42600645D82 /* somePic@3x.jpg in Resources */,
				5C1C06161F7E79A500645D82 /* Main.storyboard in Resources */,
				5C1C062C1F7E871500645D82 /* somePic@2x.jpg in Resources */,
				5C1C06331F7EA42600645D82 /* somePic.jpg in Resources */,
			);
			runOnlyForDeploymentPostprocessing = 0;
		};
/* End PBXResourcesBuildPhase section */

/* Begin PBXSourcesBuildPhase section */
		5C1C06071F7E79A400645D82 /* Sources */ = {
			isa = PBXSourcesBuildPhase;
			buildActionMask = 2147483647;
			files = (
				5C1C06131F7E79A500645D82 /* ViewController.m in Sources */,
				5C1C061E1F7E79A500645D82 /* main.m in Sources */,
				5C1C06101F7E79A500645D82 /* AppDelegate.m in Sources */,
			);
			runOnlyForDeploymentPostprocessing = 0;
		};
/* End PBXSourcesBuildPhase section */

/* Begin PBXVariantGroup section */
		5C1C06141F7E79A500645D82 /* Main.storyboard */ = {
			isa = PBXVariantGroup;
			children = (
				5C1C06151F7E79A500645D82 /* Base */,
			);
			name = Main.storyboard;
			sourceTree = "<group>";
		};
		5C1C06191F7E79A500645D82 /* LaunchScreen.storyboard */ = {
			isa = PBXVariantGroup;
			children = (
				5C1C061A1F7E79A500645D82 /* Base */,
			);
			name = LaunchScreen.storyboard;
			sourceTree = "<group>";
		};
/* End PBXVariantGroup section */

/* Begin XCBuildConfiguration section */
		5C1C061F1F7E79A500645D82 /* Debug */ = {
			isa = XCBuildConfiguration;
			buildSettings = {
				ALWAYS_SEARCH_USER_PATHS = NO;
				CLANG_ANALYZER_NONNULL = YES;
				CLANG_ANALYZER_NUMBER_OBJECT_CONVERSION = YES_AGGRESSIVE;
				CLANG_CXX_LANGUAGE_STANDARD = "gnu++14";
				CLANG_CXX_LIBRARY = "libc++";
				CLANG_ENABLE_MODULES = YES;
				CLANG_ENABLE_OBJC_ARC = YES;
				CLANG_WARN_BLOCK_CAPTURE_AUTORELEASING = YES;
				CLANG_WARN_BOOL_CONVERSION = YES;
				CLANG_WARN_COMMA = YES;
				CLANG_WARN_CONSTANT_CONVERSION = YES;
				CLANG_WARN_DIRECT_OBJC_ISA_USAGE = YES_ERROR;
				CLANG_WARN_DOCUMENTATION_COMMENTS = YES;
				CLANG_WARN_EMPTY_BODY = YES;
				CLANG_WARN_ENUM_CONVERSION = YES;
				CLANG_WARN_INFINITE_RECURSION = YES;
				CLANG_WARN_INT_CONVERSION = YES;
				CLANG_WARN_NON_LITERAL_NULL_CONVERSION = YES;
				CLANG_WARN_OBJC_LITERAL_CONVERSION = YES;
				CLANG_WARN_OBJC_ROOT_CLASS = YES_ERROR;
				CLANG_WARN_RANGE_LOOP_ANALYSIS = YES;
				CLANG_WARN_STRICT_PROTOTYPES = YES;
				CLANG_WARN_SUSPICIOUS_MOVE = YES;
				CLANG_WARN_UNGUARDED_AVAILABILITY = YES_AGGRESSIVE;
				CLANG_WARN_UNREACHABLE_CODE = YES;
				CLANG_WARN__DUPLICATE_METHOD_MATCH = YES;
				CODE_SIGN_IDENTITY = "iPhone Developer";
				COPY_PHASE_STRIP = NO;
				DEBUG_INFORMATION_FORMAT = dwarf;
				ENABLE_STRICT_OBJC_MSGSEND = YES;
				ENABLE_TESTABILITY = YES;
				GCC_C_LANGUAGE_STANDARD = gnu11;
				GCC_DYNAMIC_NO_PIC = NO;
				GCC_NO_COMMON_BLOCKS = YES;
				GCC_OPTIMIZATION_LEVEL = 0;
				GCC_PREPROCESSOR_DEFINITIONS = (
					"DEBUG=1",
					"$(inherited)",
				);
				GCC_WARN_64_TO_32_BIT_CONVERSION = YES;
				GCC_WARN_ABOUT_RETURN_TYPE = YES_ERROR;
				GCC_WARN_UNDECLARED_SELECTOR = YES;
				GCC_WARN_UNINITIALIZED_AUTOS = YES_AGGRESSIVE;
				GCC_WARN_UNUSED_FUNCTION = YES;
				GCC_WARN_UNUSED_VARIABLE = YES;
				IPHONEOS_DEPLOYMENT_TARGET = 11.0;
				MTL_ENABLE_DEBUG_INFO = YES;
				ONLY_ACTIVE_ARCH = YES;
				SDKROOT = iphoneos;
			};
			name = Debug;
		};
		5C1C06201F7E79A500645D82 /* Release */ = {
			isa = XCBuildConfiguration;
			buildSettings = {
				ALWAYS_SEARCH_USER_PATHS = NO;
				CLANG_ANALYZER_NONNULL = YES;
				CLANG_ANALYZER_NUMBER_OBJECT_CONVERSION = YES_AGGRESSIVE;
				CLANG_CXX_LANGUAGE_STANDARD = "gnu++14";
				CLANG_CXX_LIBRARY = "libc++";
				CLANG_ENABLE_MODULES = YES;
				CLANG_ENABLE_OBJC_ARC = YES;
				CLANG_WARN_BLOCK_CAPTURE_AUTORELEASING = YES;
				CLANG_WARN_BOOL_CONVERSION = YES;
				CLANG_WARN_COMMA = YES;
				CLANG_WARN_CONSTANT_CONVERSION = YES;
				CLANG_WARN_DIRECT_OBJC_ISA_USAGE = YES_ERROR;
				CLANG_WARN_DOCUMENTATION_COMMENTS = YES;
				CLANG_WARN_EMPTY_BODY = YES;
				CLANG_WARN_ENUM_CONVERSION = YES;
				CLANG_WARN_INFINITE_RECURSION = YES;
				CLANG_WARN_INT_CONVERSION = YES;
				CLANG_WARN_NON_LITERAL_NULL_CONVERSION = YES;
				CLANG_WARN_OBJC_LITERAL_CONVERSION = YES;
				CLANG_WARN_OBJC_ROOT_CLASS = YES_ERROR;
				CLANG_WARN_RANGE_LOOP_ANALYSIS = YES;
				CLANG_WARN_STRICT_PROTOTYPES = YES;
				CLANG_WARN_SUSPICIOUS_MOVE = YES;
				CLANG_WARN_UNGUARDED_AVAILABILITY = YES_AGGRESSIVE;
				CLANG_WARN_UNREACHABLE_CODE = YES;
				CLANG_WARN__DUPLICATE_METHOD_MATCH = YES;
				CODE_SIGN_IDENTITY = "iPhone Developer";
				COPY_PHASE_STRIP = NO;
				DEBUG_INFORMATION_FORMAT = "dwarf-with-dsym";
				ENABLE_NS_ASSERTIONS = NO;
				ENABLE_STRICT_OBJC_MSGSEND = YES;
				GCC_C_LANGUAGE_STANDARD = gnu11;
				GCC_NO_COMMON_BLOCKS = YES;
				GCC_WARN_64_TO_32_BIT_CONVERSION = YES;
				GCC_WARN_ABOUT_RETURN_TYPE = YES_ERROR;
				GCC_WARN_UNDECLARED_SELECTOR = YES;
				GCC_WARN_UNINITIALIZED_AUTOS = YES_AGGRESSIVE;
				GCC_WARN_UNUSED_FUNCTION = YES;
				GCC_WARN_UNUSED_VARIABLE = YES;
				IPHONEOS_DEPLOYMENT_TARGET = 11.0;
				MTL_ENABLE_DEBUG_INFO = NO;
				SDKROOT = iphoneos;
				VALIDATE_PRODUCT = YES;
			};
			name = Release;
		};
		5C1C06221F7E79A500645D82 /* Debug */ = {
			isa = XCBuildConfiguration;
			buildSettings = {
				ASSETCATALOG_COMPILER_APPICON_NAME = AppIcon;
				CODE_SIGN_STYLE = Automatic;
				DEVELOPMENT_TEAM = 8TVU93GBNX;
				INFOPLIST_FILE = RoundAvatarDemo/Info.plist;
				IPHONEOS_DEPLOYMENT_TARGET = 8.0;
				LD_RUNPATH_SEARCH_PATHS = "$(inherited) @executable_path/Frameworks";
				PRODUCT_BUNDLE_IDENTIFIER = online.amute.RoundAvatarDemo;
				PRODUCT_NAME = "$(TARGET_NAME)";
				TARGETED_DEVICE_FAMILY = "1,2";
			};
			name = Debug;
		};
		5C1C06231F7E79A500645D82 /* Release */ = {
			isa = XCBuildConfiguration;
			buildSettings = {
				ASSETCATALOG_COMPILER_APPICON_NAME = AppIcon;
				CODE_SIGN_STYLE = Automatic;
				DEVELOPMENT_TEAM = 8TVU93GBNX;
				INFOPLIST_FILE = RoundAvatarDemo/Info.plist;
				IPHONEOS_DEPLOYMENT_TARGET = 8.0;
				LD_RUNPATH_SEARCH_PATHS = "$(inherited) @executable_path/Frameworks";
				PRODUCT_BUNDLE_IDENTIFIER = online.amute.RoundAvatarDemo;
				PRODUCT_NAME = "$(TARGET_NAME)";
				TARGETED_DEVICE_FAMILY = "1,2";
			};
			name = Release;
		};
/* End XCBuildConfiguration section */

/* Begin XCConfigurationList section */
		5C1C06061F7E79A400645D82 /* Build configuration list for PBXProject "RoundAvatarDemo" */ = {
			isa = XCConfigurationList;
			buildConfigurations = (
				5C1C061F1F7E79A500645D82 /* Debug */,
				5C1C06201F7E79A500645D82 /* Release */,
			);
			defaultConfigurationIsVisible = 0;
			defaultConfigurationName = Release;
		};
		5C1C06211F7E79A500645D82 /* Build configuration list for PBXNativeTarget "RoundAvatarDemo" */ = {
			isa = XCConfigurationList;
			buildConfigurations = (
				5C1C06221F7E79A500645D82 /* Debug */,
				5C1C06231F7E79A500645D82 /* Release */,
			);
			defaultConfigurationIsVisible = 0;
			defaultConfigurationName = Release;
		};
/* End XCConfigurationList section */
	};
	rootObject = 5C1C06031F7E79A400645D82 /* Project object */;
}
